
Microsoft Visual Studio Solution File, Format Version 12.00
# Visual Studio 15
VisualStudioVersion = 15.0.35714.111
MinimumVisualStudioVersion = 10.0.40219.1
Project("{FAE04EC0-301F-11D3-BF4B-00C04F79EFBC}") = "EntidadesCs", "EntidadesCs\EntidadesCs.csproj", "{8BCE0E4A-FD98-4AA1-A9D4-65EBF706AD30}"
EndProject
Project("{FAE04EC0-301F-11D3-BF4B-00C04F79EFBC}") = "DemoCs", "DemoCs\DemoCs.csproj", "{3364429A-1169-49A4-B4A0-4209734B4AE4}"
EndProject
Global
	GlobalSection(SolutionConfigurationPlatforms) = preSolution
		Debug|Any CPU = Debug|Any CPU
		Release|Any CPU = Release|Any CPU
	EndGlobalSection
	GlobalSection(ProjectConfigurationPlatforms) = postSolution
		{8BCE0E4A-FD98-4AA1-A9D4-65EBF706AD30}.Debug|Any CPU.ActiveCfg = Debug|Any CPU
		{8BCE0E4A-FD98-4AA1-A9D4-65EBF706AD30}.Debug|Any CPU.Build.0 = Debug|Any CPU
		{8BCE0E4A-FD98-4AA1-A9D4-65EBF706AD30}.Release|Any CPU.ActiveCfg = Release|Any CPU
		{8BCE0E4A-FD98-4AA1-A9D4-65EBF706AD30}.Release|Any CPU.Build.0 = Release|Any CPU
		{3364429A-1169-49A4-B4A0-4209734B4AE4}.Debug|Any CPU.ActiveCfg = Debug|Any CPU
		{3364429A-1169-49A4-B4A0-4209734B4AE4}.Debug|Any CPU.Build.0 = Debug|Any CPU
		{3364429A-1169-49A4-B4A0-4209734B4AE4}.Release|Any CPU.ActiveCfg = Release|Any CPU
		{3364429A-1169-49A4-B4A0-4209734B4AE4}.Release|Any CPU.Build.0 = Release|Any CPU
	EndGlobalSection
	GlobalSection(SolutionProperties) = preSolution
		HideSolutionNode = FALSE
	EndGlobalSection
	GlobalSection(ExtensibilityGlobals) = postSolution
		SolutionGuid = {1C23A5EB-D8EA-468A-9DFF-A8DA6B503D79}
	EndGlobalSection
EndGlobal
